
Microsoft Visual Studio Solution File, Format Version 12.00
# Visual Studio Version 17
VisualStudioVersion = 17.14.36221.1 d17.14
MinimumVisualStudioVersion = 10.0.40219.1
Project("{FAE04EC0-301F-11D3-BF4B-00C04F79EFBC}") = "TiendaWeb", "TiendaWeb.csproj", "{7AEE3211-E920-402A-A1B8-357A2E712F28}"
EndProject
Global
	GlobalSection(SolutionConfigurationPlatforms) = preSolution
		Debug|Any CPU = Debug|Any CPU
		Release|Any CPU = Release|Any CPU
	EndGlobalSection
	GlobalSection(ProjectConfigurationPlatforms) = postSolution
		{7AEE3211-E920-402A-A1B8-357A2E712F28}.Debug|Any CPU.ActiveCfg = Debug|Any CPU
		{7AEE3211-E920-402A-A1B8-357A2E712F28}.Debug|Any CPU.Build.0 = Debug|Any CPU
		{7AEE3211-E920-402A-A1B8-357A2E712F28}.Release|Any CPU.ActiveCfg = Release|Any CPU
		{7AEE3211-E920-402A-A1B8-357A2E712F28}.Release|Any CPU.Build.0 = Release|Any CPU
	EndGlobalSection
	GlobalSection(SolutionProperties) = preSolution
		HideSolutionNode = FALSE
	EndGlobalSection
	GlobalSection(ExtensibilityGlobals) = postSolution
		SolutionGuid = {D5DC06C8-2ACF-4D71-8BBE-2DAA016D24E0}
	EndGlobalSection
EndGlobal
